
Microsoft Visual Studio Solution File, Format Version 12.00
# Visual Studio Version 17
VisualStudioVersion = 17.2.32427.441
MinimumVisualStudioVersion = 10.0.40219.1
Project("{9A19103F-16F7-4668-BE54-9A1E7A4F7556}") = "My Manager Extension", "My Manager Extension\My Manager Extension.csproj", "{6A22415F-02DD-4D63-B34C-B7B7096678B6}"
EndProject
Global
	GlobalSection(SolutionConfigurationPlatforms) = preSolution
		Debug|Any CPU = Debug|Any CPU
		Release|Any CPU = Release|Any CPU
	EndGlobalSection
	GlobalSection(ProjectConfigurationPlatforms) = postSolution
		{6A22415F-02DD-4D63-B34C-B7B7096678B6}.Debug|Any CPU.ActiveCfg = Debug|Any CPU
		{6A22415F-02DD-4D63-B34C-B7B7096678B6}.Debug|Any CPU.Build.0 = Debug|Any CPU
		{6A22415F-02DD-4D63-B34C-B7B7096678B6}.Release|Any CPU.ActiveCfg = Release|Any CPU
		{6A22415F-02DD-4D63-B34C-B7B7096678B6}.Release|Any CPU.Build.0 = Release|Any CPU
	EndGlobalSection
	GlobalSection(SolutionProperties) = preSolution
		HideSolutionNode = FALSE
	EndGlobalSection
	GlobalSection(ExtensibilityGlobals) = postSolution
		SolutionGuid = {A70328D1-75C0-4763-B1B3-3326D0AA9394}
	EndGlobalSection
EndGlobal
